{
  "name": "jia-ffmpeg",
  "version": "1.0.1",
  "lockfileVersion": 3,
  "requires": true,
  "packages": {
    "": {
      "name": "jia-ffmpeg",
      "version": "1.0.1",
      "license": "MIT",
      "dependencies": {
        "@tedconf/fessonia": "^2.2.1",
        "ffprobe-client": "^1.1.6"
      }
    },
    "node_modules/@tedconf/fessonia": {
      "version": "2.2.1",
      "resolved": "https://registry.npmjs.org/@tedconf/fessonia/-/fessonia-2.2.1.tgz",
      "integrity": "sha512-eX+O8P/xIkuCDeDI3IOIoyzuTJLVqbGnoBhLiBoFU7MwntF02ygQcByMinhUtXv2zm0pOSy6zeKoQTKAVBK60A==",
      "deprecated": "Thanks for using Fessonia! This package is now being independently maintained at https://www.npmjs.com/package/fessonia. Please update your package.json and package imports to reference 'fessonia' instead of '@tedconf/fessonia'. We look forward to hearing about what you do with this library at https://github.com/fessonia/fessonia!",
      "license": "MIT",
      "engines": {
        "node": ">=8.10.0"
      }
    },
    "node_modules/ffprobe-client": {
      "version": "1.1.6",
      "resolved": "https://registry.npmjs.org/ffprobe-client/-/ffprobe-client-1.1.6.tgz",
      "integrity": "sha512-n+wNlD9QC0nHsBUJGYljYAB1gwtuNxXQh0V4Am6M2T3h8Is7qR2hwrrC5Pjc9YNE4MpIslaQUe7+c9wPCarVJQ==",
      "license": "MIT"
    }
  }
}
